
Microsoft Visual Studio Solution File, Format Version 12.00
# Visual Studio Version 17
VisualStudioVersion = 17.11.35219.272
MinimumVisualStudioVersion = 10.0.40219.1
Project("{9A19103F-16F7-4668-BE54-9A1E7A4F7556}") = "Task2", "Task2\Task2.csproj", "{F80A26EF-0CC9-4021-9F36-0DCF0091DD48}"
EndProject
Project("{9A19103F-16F7-4668-BE54-9A1E7A4F7556}") = "Task1", "Task1\Task1.csproj", "{8CF86A2D-BC09-4915-99BB-AEB21F7A41CE}"
EndProject
Global
	GlobalSection(SolutionConfigurationPlatforms) = preSolution
		Debug|Any CPU = Debug|Any CPU
		Release|Any CPU = Release|Any CPU
	EndGlobalSection
	GlobalSection(ProjectConfigurationPlatforms) = postSolution
		{F80A26EF-0CC9-4021-9F36-0DCF0091DD48}.Debug|Any CPU.ActiveCfg = Debug|Any CPU
		{F80A26EF-0CC9-4021-9F36-0DCF0091DD48}.Debug|Any CPU.Build.0 = Debug|Any CPU
		{F80A26EF-0CC9-4021-9F36-0DCF0091DD48}.Release|Any CPU.ActiveCfg = Release|Any CPU
		{F80A26EF-0CC9-4021-9F36-0DCF0091DD48}.Release|Any CPU.Build.0 = Release|Any CPU
		{8CF86A2D-BC09-4915-99BB-AEB21F7A41CE}.Debug|Any CPU.ActiveCfg = Debug|Any CPU
		{8CF86A2D-BC09-4915-99BB-AEB21F7A41CE}.Debug|Any CPU.Build.0 = Debug|Any CPU
		{8CF86A2D-BC09-4915-99BB-AEB21F7A41CE}.Release|Any CPU.ActiveCfg = Release|Any CPU
		{8CF86A2D-BC09-4915-99BB-AEB21F7A41CE}.Release|Any CPU.Build.0 = Release|Any CPU
	EndGlobalSection
	GlobalSection(SolutionProperties) = preSolution
		HideSolutionNode = FALSE
	EndGlobalSection
	GlobalSection(ExtensibilityGlobals) = postSolution
		SolutionGuid = {F2CB8E82-2A8D-4D19-87F1-166FB76C36D5}
	EndGlobalSection
EndGlobal
